{
  "lockfileVersion": 1,
  "workspaces": {
    "": {
      "dependencies": {
        "@types/bun": "^1.1.13",
        "dotenv": "^16.4.5",
        "ollama": "^0.5.10",
        "viem": "^2.22.23",
      },
    },
  },
  "packages": {
    "@adraffy/ens-normalize": ["@adraffy/ens-normalize@1.11.0", "", {}, "sha512-/3DDPKHqqIqxUULp8yP4zODUY1i+2xvVWsv8A79xGWdCAG+8sb0hRh0Rk2QyOJUnnbyPUAZYcpBuRe3nS2OIUg=="],

    "@noble/curves": ["@noble/curves@1.8.1", "", { "dependencies": { "@noble/hashes": "1.7.1" } }, "sha512-warwspo+UYUPep0Q+vtdVB4Ugn8GGQj8iyB3gnRWsztmUHTI3S1nhdiWNsPUGL0vud7JlRRk1XEu7Lq1KGTnMQ=="],

    "@noble/hashes": ["@noble/hashes@1.7.1", "", {}, "sha512-B8XBPsn4vT/KJAGqDzbwztd+6Yte3P4V7iafm24bxgDe/mlRuK6xmWPuCNrKt2vDafZ8MfJLlchDG/vYafQEjQ=="],

    "@scure/base": ["@scure/base@1.2.4", "", {}, "sha512-5Yy9czTO47mqz+/J8GM6GIId4umdCk1wc1q8rKERQulIoc8VP9pzDcghv10Tl2E7R96ZUx/PhND3ESYUQX8NuQ=="],

    "@scure/bip32": ["@scure/bip32@1.6.2", "", { "dependencies": { "@noble/curves": "~1.8.1", "@noble/hashes": "~1.7.1", "@scure/base": "~1.2.2" } }, "sha512-t96EPDMbtGgtb7onKKqxRLfE5g05k7uHnHRM2xdE6BP/ZmxaLtPek4J4KfVn/90IQNrU1IOAqMgiDtUdtbe3nw=="],

    "@scure/bip39": ["@scure/bip39@1.5.4", "", { "dependencies": { "@noble/hashes": "~1.7.1", "@scure/base": "~1.2.4" } }, "sha512-TFM4ni0vKvCfBpohoh+/lY05i9gRbSwXWngAsF4CABQxoaOHijxuaZ2R6cStDQ5CHtHO9aGJTr4ksVJASRRyMA=="],

    "@types/bun": ["@types/bun@1.2.2", "", { "dependencies": { "bun-types": "1.2.2" } }, "sha512-tr74gdku+AEDN5ergNiBnplr7hpDp3V1h7fqI2GcR/rsUaM39jpSeKH0TFibRvU0KwniRx5POgaYnaXbk0hU+w=="],

    "@types/node": ["@types/node@22.13.1", "", { "dependencies": { "undici-types": "~6.20.0" } }, "sha512-jK8uzQlrvXqEU91UxiK5J7pKHyzgnI1Qnl0QDHIgVGuolJhRb9EEl28Cj9b3rGR8B2lhFCtvIm5os8lFnO/1Ew=="],

    "@types/ws": ["@types/ws@8.5.14", "", { "dependencies": { "@types/node": "*" } }, "sha512-bd/YFLW+URhBzMXurx7lWByOu+xzU9+kb3RboOteXYDfW+tr+JZa99OyNmPINEGB/ahzKrEuc8rcv4gnpJmxTw=="],

    "abitype": ["abitype@1.0.8", "", { "peerDependencies": { "typescript": ">=5.0.4", "zod": "^3 >=3.22.0" }, "optionalPeers": ["typescript", "zod"] }, "sha512-ZeiI6h3GnW06uYDLx0etQtX/p8E24UaHHBj57RSjK7YBFe7iuVn07EDpOeP451D06sF27VOz9JJPlIKJmXgkEg=="],

    "bun-types": ["bun-types@1.2.2", "", { "dependencies": { "@types/node": "*", "@types/ws": "~8.5.10" } }, "sha512-RCbMH5elr9gjgDGDhkTTugA21XtJAy/9jkKe/G3WR2q17VPGhcquf9Sir6uay9iW+7P/BV0CAHA1XlHXMAVKHg=="],

    "dotenv": ["dotenv@16.4.7", "", {}, "sha512-47qPchRCykZC03FhkYAhrvwU4xDBFIj1QPqaarj6mdM/hgUzfPHcpkHJOn3mJAufFeeAxAzeGsr5X0M4k6fLZQ=="],

    "eventemitter3": ["eventemitter3@5.0.1", "", {}, "sha512-GWkBvjiSZK87ELrYOSESUYeVIc9mvLLf/nXalMOS5dYrgZq9o5OVkbZAVM06CVxYsCwH9BDZFPlQTlPA1j4ahA=="],

    "isows": ["isows@1.0.6", "", { "peerDependencies": { "ws": "*" } }, "sha512-lPHCayd40oW98/I0uvgaHKWCSvkzY27LjWLbtzOm64yQ+G3Q5npjjbdppU65iZXkK1Zt+kH9pfegli0AYfwYYw=="],

    "ollama": ["ollama@0.5.12", "", { "dependencies": { "whatwg-fetch": "^3.6.20" } }, "sha512-flVH1fn1c9NF7VV3bW9kSu0E+bYc40b4DxL/gS2Debhao35osJFRDiPOj9sIWTMvcyj78Paw1OuhfIe7uhDWfQ=="],

    "ox": ["ox@0.6.7", "", { "dependencies": { "@adraffy/ens-normalize": "^1.10.1", "@noble/curves": "^1.6.0", "@noble/hashes": "^1.5.0", "@scure/bip32": "^1.5.0", "@scure/bip39": "^1.4.0", "abitype": "^1.0.6", "eventemitter3": "5.0.1" }, "peerDependencies": { "typescript": ">=5.4.0" }, "optionalPeers": ["typescript"] }, "sha512-17Gk/eFsFRAZ80p5eKqv89a57uXjd3NgIf1CaXojATPBuujVc/fQSVhBeAU9JCRB+k7J50WQAyWTxK19T9GgbA=="],

    "undici-types": ["undici-types@6.20.0", "", {}, "sha512-Ny6QZ2Nju20vw1SRHe3d9jVu6gJ+4e3+MMpqu7pqE5HT6WsTSlce++GQmK5UXS8mzV8DSYHrQH+Xrf2jVcuKNg=="],

    "viem": ["viem@2.22.23", "", { "dependencies": { "@noble/curves": "1.8.1", "@noble/hashes": "1.7.1", "@scure/bip32": "1.6.2", "@scure/bip39": "1.5.4", "abitype": "1.0.8", "isows": "1.0.6", "ox": "0.6.7", "ws": "8.18.0" }, "peerDependencies": { "typescript": ">=5.0.4" }, "optionalPeers": ["typescript"] }, "sha512-MheOu+joowphTCfCgdQ9BGU/z1IeHa6/ZIYNVc6KTwDklj671YS87cGv5kRCSU0vAfzN+5wjWyIffM8000KGkQ=="],

    "whatwg-fetch": ["whatwg-fetch@3.6.20", "", {}, "sha512-EqhiFU6daOA8kpjOWTL0olhVOF3i7OrFzSYiGsEMB8GcXS+RrzauAERX65xMeNWVqxA6HXH2m69Z9LaKKdisfg=="],

    "ws": ["ws@8.18.0", "", { "peerDependencies": { "bufferutil": "^4.0.1", "utf-8-validate": ">=5.0.2" }, "optionalPeers": ["bufferutil", "utf-8-validate"] }, "sha512-8VbfWfHLbbwu3+N6OKsOMpBdT4kXPDDB9cJk2bJ6mh9ucxdlnNvH1e+roYkKmN9Nxw2yjz7VzeO9oOz2zJ04Pw=="],
  }
}
